
Microsoft Visual Studio Solution File, Format Version 12.00
# Visual Studio 15
VisualStudioVersion = 15.0.28307.329
MinimumVisualStudioVersion = 10.0.40219.1
Project("{FAE04EC0-301F-11D3-BF4B-00C04F79EFBC}") = "FirtCOCO", "FirtCOCO\FirtCOCO\FirtCOCO.csproj", "{F8F6AE7A-F8F3-4AC5-89CE-2638967AE090}"
EndProject
Project("{FAE04EC0-301F-11D3-BF4B-00C04F79EFBC}") = "FirtCOCO.Droid", "FirtCOCO\FirtCOCO.Droid\FirtCOCO.Droid.csproj", "{7DF5ED10-C641-4413-A8E9-3FE8E3CD2D00}"
EndProject
Project("{FAE04EC0-301F-11D3-BF4B-00C04F79EFBC}") = "FirtCOCO.iOS", "FirtCOCO\FirtCOCO.iOS\FirtCOCO.iOS.csproj", "{1D961C35-F511-4370-ACE6-4FC50891688D}"
EndProject
Global
	GlobalSection(SolutionConfigurationPlatforms) = preSolution
		Ad-Hoc|Any CPU = Ad-Hoc|Any CPU
		Ad-Hoc|iPhone = Ad-Hoc|iPhone
		Ad-Hoc|iPhoneSimulator = Ad-Hoc|iPhoneSimulator
		AppStore|Any CPU = AppStore|Any CPU
		AppStore|iPhone = AppStore|iPhone
		AppStore|iPhoneSimulator = AppStore|iPhoneSimulator
		Debug|Any CPU = Debug|Any CPU
		Debug|iPhone = Debug|iPhone
		Debug|iPhoneSimulator = Debug|iPhoneSimulator
		Release|Any CPU = Release|Any CPU
		Release|iPhone = Release|iPhone
		Release|iPhoneSimulator = Release|iPhoneSimulator
	EndGlobalSection
	GlobalSection(ProjectConfigurationPlatforms) = postSolution
		{F8F6AE7A-F8F3-4AC5-89CE-2638967AE090}.Ad-Hoc|Any CPU.ActiveCfg = Release|Any CPU
		{F8F6AE7A-F8F3-4AC5-89CE-2638967AE090}.Ad-Hoc|Any CPU.Build.0 = Release|Any CPU
		{F8F6AE7A-F8F3-4AC5-89CE-2638967AE090}.Ad-Hoc|iPhone.ActiveCfg = Release|Any CPU
		{F8F6AE7A-F8F3-4AC5-89CE-2638967AE090}.Ad-Hoc|iPhone.Build.0 = Release|Any CPU
		{F8F6AE7A-F8F3-4AC5-89CE-2638967AE090}.Ad-Hoc|iPhoneSimulator.ActiveCfg = Release|Any CPU
		{F8F6AE7A-F8F3-4AC5-89CE-2638967AE090}.Ad-Hoc|iPhoneSimulator.Build.0 = Release|Any CPU
		{F8F6AE7A-F8F3-4AC5-89CE-2638967AE090}.AppStore|Any CPU.ActiveCfg = Release|Any CPU
		{F8F6AE7A-F8F3-4AC5-89CE-2638967AE090}.AppStore|Any CPU.Build.0 = Release|Any CPU
		{F8F6AE7A-F8F3-4AC5-89CE-2638967AE090}.AppStore|iPhone.ActiveCfg = Release|Any CPU
		{F8F6AE7A-F8F3-4AC5-89CE-2638967AE090}.AppStore|iPhone.Build.0 = Release|Any CPU
		{F8F6AE7A-F8F3-4AC5-89CE-2638967AE090}.AppStore|iPhoneSimulator.ActiveCfg = Release|Any CPU
		{F8F6AE7A-F8F3-4AC5-89CE-2638967AE090}.AppStore|iPhoneSimulator.Build.0 = Release|Any CPU
		{F8F6AE7A-F8F3-4AC5-89CE-2638967AE090}.Debug|Any CPU.ActiveCfg = Debug|Any CPU
		{F8F6AE7A-F8F3-4AC5-89CE-2638967AE090}.Debug|Any CPU.Build.0 = Debug|Any CPU
		{F8F6AE7A-F8F3-4AC5-89CE-2638967AE090}.Debug|iPhone.ActiveCfg = Debug|Any CPU
		{F8F6AE7A-F8F3-4AC5-89CE-2638967AE090}.Debug|iPhone.Build.0 = Debug|Any CPU
		{F8F6AE7A-F8F3-4AC5-89CE-2638967AE090}.Debug|iPhoneSimulator.ActiveCfg = Debug|Any CPU
		{F8F6AE7A-F8F3-4AC5-89CE-2638967AE090}.Debug|iPhoneSimulator.Build.0 = Debug|Any CPU
		{F8F6AE7A-F8F3-4AC5-89CE-2638967AE090}.Release|Any CPU.ActiveCfg = Release|Any CPU
		{F8F6AE7A-F8F3-4AC5-89CE-2638967AE090}.Release|Any CPU.Build.0 = Release|Any CPU
		{F8F6AE7A-F8F3-4AC5-89CE-2638967AE090}.Release|iPhone.ActiveCfg = Release|Any CPU
		{F8F6AE7A-F8F3-4AC5-89CE-2638967AE090}.Release|iPhone.Build.0 = Release|Any CPU
		{F8F6AE7A-F8F3-4AC5-89CE-2638967AE090}.Release|iPhoneSimulator.ActiveCfg = Release|Any CPU
		{F8F6AE7A-F8F3-4AC5-89CE-2638967AE090}.Release|iPhoneSimulator.Build.0 = Release|Any CPU
		{7DF5ED10-C641-4413-A8E9-3FE8E3CD2D00}.Ad-Hoc|Any CPU.ActiveCfg = Release|Any CPU
		{7DF5ED10-C641-4413-A8E9-3FE8E3CD2D00}.Ad-Hoc|Any CPU.Build.0 = Release|Any CPU
		{7DF5ED10-C641-4413-A8E9-3FE8E3CD2D00}.Ad-Hoc|Any CPU.Deploy.0 = Release|Any CPU
		{7DF5ED10-C641-4413-A8E9-3FE8E3CD2D00}.Ad-Hoc|iPhone.ActiveCfg = Release|Any CPU
		{7DF5ED10-C641-4413-A8E9-3FE8E3CD2D00}.Ad-Hoc|iPhone.Build.0 = Release|Any CPU
		{7DF5ED10-C641-4413-A8E9-3FE8E3CD2D00}.Ad-Hoc|iPhone.Deploy.0 = Release|Any CPU
		{7DF5ED10-C641-4413-A8E9-3FE8E3CD2D00}.Ad-Hoc|iPhoneSimulator.ActiveCfg = Release|Any CPU
		{7DF5ED10-C641-4413-A8E9-3FE8E3CD2D00}.Ad-Hoc|iPhoneSimulator.Build.0 = Release|Any CPU
		{7DF5ED10-C641-4413-A8E9-3FE8E3CD2D00}.Ad-Hoc|iPhoneSimulator.Deploy.0 = Release|Any CPU
		{7DF5ED10-C641-4413-A8E9-3FE8E3CD2D00}.AppStore|Any CPU.ActiveCfg = Release|Any CPU
		{7DF5ED10-C641-4413-A8E9-3FE8E3CD2D00}.AppStore|Any CPU.Build.0 = Release|Any CPU
		{7DF5ED10-C641-4413-A8E9-3FE8E3CD2D00}.AppStore|Any CPU.Deploy.0 = Release|Any CPU
		{7DF5ED10-C641-4413-A8E9-3FE8E3CD2D00}.AppStore|iPhone.ActiveCfg = Release|Any CPU
		{7DF5ED10-C641-4413-A8E9-3FE8E3CD2D00}.AppStore|iPhone.Build.0 = Release|Any CPU
		{7DF5ED10-C641-4413-A8E9-3FE8E3CD2D00}.AppStore|iPhone.Deploy.0 = Release|Any CPU
		{7DF5ED10-C641-4413-A8E9-3FE8E3CD2D00}.AppStore|iPhoneSimulator.ActiveCfg = Release|Any CPU
		{7DF5ED10-C641-4413-A8E9-3FE8E3CD2D00}.AppStore|iPhoneSimulator.Build.0 = Release|Any CPU
		{7DF5ED10-C641-4413-A8E9-3FE8E3CD2D00}.AppStore|iPhoneSimulator.Deploy.0 = Release|Any CPU
		{7DF5ED10-C641-4413-A8E9-3FE8E3CD2D00}.Debug|Any CPU.ActiveCfg = Debug|Any CPU
		{7DF5ED10-C641-4413-A8E9-3FE8E3CD2D00}.Debug|Any CPU.Build.0 = Debug|Any CPU
		{7DF5ED10-C641-4413-A8E9-3FE8E3CD2D00}.Debug|Any CPU.Deploy.0 = Debug|Any CPU
		{7DF5ED10-C641-4413-A8E9-3FE8E3CD2D00}.Debug|iPhone.ActiveCfg = Debug|Any CPU
		{7DF5ED10-C641-4413-A8E9-3FE8E3CD2D00}.Debug|iPhone.Build.0 = Debug|Any CPU
		{7DF5ED10-C641-4413-A8E9-3FE8E3CD2D00}.Debug|iPhone.Deploy.0 = Debug|Any CPU
		{7DF5ED10-C641-4413-A8E9-3FE8E3CD2D00}.Debug|iPhoneSimulator.ActiveCfg = Debug|Any CPU
		{7DF5ED10-C641-4413-A8E9-3FE8E3CD2D00}.Debug|iPhoneSimulator.Build.0 = Debug|Any CPU
		{7DF5ED10-C641-4413-A8E9-3FE8E3CD2D00}.Debug|iPhoneSimulator.Deploy.0 = Debug|Any CPU
		{7DF5ED10-C641-4413-A8E9-3FE8E3CD2D00}.Release|Any CPU.ActiveCfg = Release|Any CPU
		{7DF5ED10-C641-4413-A8E9-3FE8E3CD2D00}.Release|Any CPU.Build.0 = Release|Any CPU
		{7DF5ED10-C641-4413-A8E9-3FE8E3CD2D00}.Release|Any CPU.Deploy.0 = Release|Any CPU
		{7DF5ED10-C641-4413-A8E9-3FE8E3CD2D00}.Release|iPhone.ActiveCfg = Release|Any CPU
		{7DF5ED10-C641-4413-A8E9-3FE8E3CD2D00}.Release|iPhone.Build.0 = Release|Any CPU
		{7DF5ED10-C641-4413-A8E9-3FE8E3CD2D00}.Release|iPhone.Deploy.0 = Release|Any CPU
		{7DF5ED10-C641-4413-A8E9-3FE8E3CD2D00}.Release|iPhoneSimulator.ActiveCfg = Release|Any CPU
		{7DF5ED10-C641-4413-A8E9-3FE8E3CD2D00}.Release|iPhoneSimulator.Build.0 = Release|Any CPU
		{7DF5ED10-C641-4413-A8E9-3FE8E3CD2D00}.Release|iPhoneSimulator.Deploy.0 = Release|Any CPU
		{1D961C35-F511-4370-ACE6-4FC50891688D}.Ad-Hoc|Any CPU.ActiveCfg = Ad-Hoc|iPhone
		{1D961C35-F511-4370-ACE6-4FC50891688D}.Ad-Hoc|iPhone.ActiveCfg = Ad-Hoc|iPhone
		{1D961C35-F511-4370-ACE6-4FC50891688D}.Ad-Hoc|iPhone.Build.0 = Ad-Hoc|iPhone
		{1D961C35-F511-4370-ACE6-4FC50891688D}.Ad-Hoc|iPhoneSimulator.ActiveCfg = Ad-Hoc|iPhoneSimulator
		{1D961C35-F511-4370-ACE6-4FC50891688D}.Ad-Hoc|iPhoneSimulator.Build.0 = Ad-Hoc|iPhoneSimulator
		{1D961C35-F511-4370-ACE6-4FC50891688D}.AppStore|Any CPU.ActiveCfg = AppStore|iPhone
		{1D961C35-F511-4370-ACE6-4FC50891688D}.AppStore|iPhone.ActiveCfg = AppStore|iPhone
		{1D961C35-F511-4370-ACE6-4FC50891688D}.AppStore|iPhone.Build.0 = AppStore|iPhone
		{1D961C35-F511-4370-ACE6-4FC50891688D}.AppStore|iPhoneSimulator.ActiveCfg = AppStore|iPhoneSimulator
		{1D961C35-F511-4370-ACE6-4FC50891688D}.AppStore|iPhoneSimulator.Build.0 = AppStore|iPhoneSimulator
		{1D961C35-F511-4370-ACE6-4FC50891688D}.Debug|Any CPU.ActiveCfg = Debug|iPhone
		{1D961C35-F511-4370-ACE6-4FC50891688D}.Debug|iPhone.ActiveCfg = Debug|iPhone
		{1D961C35-F511-4370-ACE6-4FC50891688D}.Debug|iPhone.Build.0 = Debug|iPhone
		{1D961C35-F511-4370-ACE6-4FC50891688D}.Debug|iPhoneSimulator.ActiveCfg = Debug|iPhoneSimulator
		{1D961C35-F511-4370-ACE6-4FC50891688D}.Debug|iPhoneSimulator.Build.0 = Debug|iPhoneSimulator
		{1D961C35-F511-4370-ACE6-4FC50891688D}.Release|Any CPU.ActiveCfg = Release|iPhone
		{1D961C35-F511-4370-ACE6-4FC50891688D}.Release|iPhone.ActiveCfg = Release|iPhone
		{1D961C35-F511-4370-ACE6-4FC50891688D}.Release|iPhone.Build.0 = Release|iPhone
		{1D961C35-F511-4370-ACE6-4FC50891688D}.Release|iPhoneSimulator.ActiveCfg = Release|iPhoneSimulator
		{1D961C35-F511-4370-ACE6-4FC50891688D}.Release|iPhoneSimulator.Build.0 = Release|iPhoneSimulator
	EndGlobalSection
	GlobalSection(SolutionProperties) = preSolution
		HideSolutionNode = FALSE
	EndGlobalSection
	GlobalSection(ExtensibilityGlobals) = postSolution
		SolutionGuid = {D24CCA77-BCAA-4335-A97D-CEA89FE8914B}
	EndGlobalSection
EndGlobal
