
Microsoft Visual Studio Solution File, Format Version 12.00
# Visual Studio 15
VisualStudioVersion = 15.0.28010.2050
MinimumVisualStudioVersion = 10.0.40219.1
Project("{FAE04EC0-301F-11D3-BF4B-00C04F79EFBC}") = "AndroidFragNotes", "AndroidFragNotes\AndroidFragNotes.csproj", "{D0DF90AF-B4C9-457F-A79B-44CBCAD9B5C8}"
EndProject
Global
	GlobalSection(SolutionConfigurationPlatforms) = preSolution
		Debug|Any CPU = Debug|Any CPU
		Release|Any CPU = Release|Any CPU
	EndGlobalSection
	GlobalSection(ProjectConfigurationPlatforms) = postSolution
		{D0DF90AF-B4C9-457F-A79B-44CBCAD9B5C8}.Debug|Any CPU.ActiveCfg = Debug|Any CPU
		{D0DF90AF-B4C9-457F-A79B-44CBCAD9B5C8}.Debug|Any CPU.Build.0 = Debug|Any CPU
		{D0DF90AF-B4C9-457F-A79B-44CBCAD9B5C8}.Debug|Any CPU.Deploy.0 = Debug|Any CPU
		{D0DF90AF-B4C9-457F-A79B-44CBCAD9B5C8}.Release|Any CPU.ActiveCfg = Release|Any CPU
		{D0DF90AF-B4C9-457F-A79B-44CBCAD9B5C8}.Release|Any CPU.Build.0 = Release|Any CPU
		{D0DF90AF-B4C9-457F-A79B-44CBCAD9B5C8}.Release|Any CPU.Deploy.0 = Release|Any CPU
	EndGlobalSection
	GlobalSection(SolutionProperties) = preSolution
		HideSolutionNode = FALSE
	EndGlobalSection
	GlobalSection(ExtensibilityGlobals) = postSolution
		SolutionGuid = {CB868C3E-D567-4E31-9746-F63539A7F3C9}
	EndGlobalSection
EndGlobal
